{
  "name": "node-app",
  "version": "1.0.0",
  "lockfileVersion": 1,
  "requires": true,
  "dependencies": {
    "chandler-lion-lib": {
      "version": "1.0.0",
      "resolved": "https://registry.npmjs.org/chandler-lion-lib/-/chandler-lion-lib-1.0.0.tgz",
      "integrity": "sha512-fXWjRYPbzwrsB9isTerRh07ojdFj+V4nzKE8milzE+0IXATUMAe0BcxVupPZ1mKQffva6TXe+8j/x8VcpLvg3A=="
    }
  }
}
